// !$*UTF8*$!
{
	archiveVersion = 1;
	classes = {
	};
	objectVersion = 46;
	objects = {

/* Begin PBXBuildFile section */
		3AC8C7781AFEE31800BD4C9E /* AppDelegate.swift in Sources */ = {isa = PBXBuildFile; fileRef = 3AC8C7771AFEE31800BD4C9E /* AppDelegate.swift */; };
		3AC8C77A1AFEE31800BD4C9E /* ViewController.swift in Sources */ = {isa = PBXBuildFile; fileRef = 3AC8C7791AFEE31800BD4C9E /* ViewController.swift */; };
		3AC8C77D1AFEE31800BD4C9E /* Main.storyboard in Resources */ = {isa = PBXBuildFile; fileRef = 3AC8C77B1AFEE31800BD4C9E /* Main.storyboard */; };
		3AC8C77F1AFEE31800BD4C9E /* Images.xcassets in Resources */ = {isa = PBXBuildFile; fileRef = 3AC8C77E1AFEE31800BD4C9E /* Images.xcassets */; };
		3AC8C7821AFEE31800BD4C9E /* LaunchScreen.xib in Resources */ = {isa = PBXBuildFile; fileRef = 3AC8C7801AFEE31800BD4C9E /* LaunchScreen.xib */; };
		3AC8C78E1AFEE31800BD4C9E /* SwiftTipTests.swift in Sources */ = {isa = PBXBuildFile; fileRef = 3AC8C78D1AFEE31800BD4C9E /* SwiftTipTests.swift */; };
/* End PBXBuildFile section */

/* Begin PBXContainerItemProxy section */
		3AC8C7881AFEE31800BD4C9E /* PBXContainerItemProxy */ = {
			isa = PBXContainerItemProxy;
			containerPortal = 3AC8C76A1AFEE31800BD4C9E /* Project object */;
			proxyType = 1;
			remoteGlobalIDString = 3AC8C7711AFEE31800BD4C9E;
			remoteInfo = SwiftTip;
		};
/* End PBXContainerItemProxy section */

/* Begin PBXFileReference section */
		3AC8C7721AFEE31800BD4C9E /* SwiftTip.app */ = {isa = PBXFileReference; explicitFileType = wrapper.application; includeInIndex = 0; path = SwiftTip.app; sourceTree = BUILT_PRODUCTS_DIR; };
		3AC8C7761AFEE31800BD4C9E /* Info.plist */ = {isa = PBXFileReference; lastKnownFileType = text.plist.xml; path = Info.plist; sourceTree = "<group>"; };
		3AC8C7771AFEE31800BD4C9E /* AppDelegate.swift */ = {isa = PBXFileReference; lastKnownFileType = sourcecode.swift; path = AppDelegate.swift; sourceTree = "<group>"; };
		3AC8C7791AFEE31800BD4C9E /* ViewController.swift */ = {isa = PBXFileReference; lastKnownFileType = sourcecode.swift; path = ViewController.swift; sourceTree = "<group>"; };
		3AC8C77C1AFEE31800BD4C9E /* Base */ = {isa = PBXFileReference; lastKnownFileType = file.storyboard; name = Base; path = Base.lproj/Main.storyboard; sourceTree = "<group>"; };
		3AC8C77E1AFEE31800BD4C9E /* Images.xcassets */ = {isa = PBXFileReference; lastKnownFileType = folder.assetcatalog; path = Images.xcassets; sourceTree = "<group>"; };
		3AC8C7811AFEE31800BD4C9E /* Base */ = {isa = PBXFileReference; lastKnownFileType = file.xib; name = Base; path = Base.lproj/LaunchScreen.xib; sourceTree = "<group>"; };
		3AC8C7871AFEE31800BD4C9E /* SwiftTipTests.xctest */ = {isa = PBXFileReference; explicitFileType = wrapper.cfbundle; includeInIndex = 0; path = SwiftTipTests.xctest; sourceTree = BUILT_PRODUCTS_DIR; };
		3AC8C78C1AFEE31800BD4C9E /* Info.plist */ = {isa = PBXFileReference; lastKnownFileType = text.plist.xml; path = Info.plist; sourceTree = "<group>"; };
		3AC8C78D1AFEE31800BD4C9E /* SwiftTipTests.swift */ = {isa = PBXFileReference; lastKnownFileType = sourcecode.swift; path = SwiftTipTests.swift; sourceTree = "<group>"; };
/* End PBXFileReference section */

/* Begin PBXFrameworksBuildPhase section */
		3AC8C76F1AFEE31800BD4C9E /* Frameworks */ = {
			isa = PBXFrameworksBuildPhase;
			buildActionMask = 2147483647;
			files = (
			);
			runOnlyForDeploymentPostprocessing = 0;
		};
		3AC8C7841AFEE31800BD4C9E /* Frameworks */ = {
			isa = PBXFrameworksBuildPhase;
			buildActionMask = 2147483647;
			files = (
			);
			runOnlyForDeploymentPostprocessing = 0;
		};
/* End PBXFrameworksBuildPhase section */

/* Begin PBXGroup section */
		3AC8C7691AFEE31800BD4C9E = {
			isa = PBXGroup;
			children = (
				3AC8C7741AFEE31800BD4C9E /* SwiftTip */,
				3AC8C78A1AFEE31800BD4C9E /* SwiftTipTests */,
				3AC8C7731AFEE31800BD4C9E /* Products */,
			);
			sourceTree = "<group>";
		};
		3AC8C7731AFEE31800BD4C9E /* Products */ = {
			isa = PBXGroup;
			children = (
				3AC8C7721AFEE31800BD4C9E /* SwiftTip.app */,
				3AC8C7871AFEE31800BD4C9E /* SwiftTipTests.xctest */,
			);
			name = Products;
			sourceTree = "<group>";
		};
		3AC8C7741AFEE31800BD4C9E /* SwiftTip */ = {
			isa = PBXGroup;
			children = (
				3AC8C7771AFEE31800BD4C9E /* AppDelegate.swift */,
				3AC8C7791AFEE31800BD4C9E /* ViewController.swift */,
				3AC8C77B1AFEE31800BD4C9E /* Main.storyboard */,
				3AC8C77E1AFEE31800BD4C9E /* Images.xcassets */,
				3AC8C7801AFEE31800BD4C9E /* LaunchScreen.xib */,
				3AC8C7751AFEE31800BD4C9E /* Supporting Files */,
			);
			path = SwiftTip;
			sourceTree = "<group>";
		};
		3AC8C7751AFEE31800BD4C9E /* Supporting Files */ = {
			isa = PBXGroup;
			children = (
				3AC8C7761AFEE31800BD4C9E /* Info.plist */,
			);
			name = "Supporting Files";
			sourceTree = "<group>";
		};
		3AC8C78A1AFEE31800BD4C9E /* SwiftTipTests */ = {
			isa = PBXGroup;
			children = (
				3AC8C78D1AFEE31800BD4C9E /* SwiftTipTests.swift */,
				3AC8C78B1AFEE31800BD4C9E /* Supporting Files */,
			);
			path = SwiftTipTests;
			sourceTree = "<group>";
		};
		3AC8C78B1AFEE31800BD4C9E /* Supporting Files */ = {
			isa = PBXGroup;
			children = (
				3AC8C78C1AFEE31800BD4C9E /* Info.plist */,
			);
			name = "Supporting Files";
			sourceTree = "<group>";
		};
/* End PBXGroup section */

/* Begin PBXNativeTarget section */
		3AC8C7711AFEE31800BD4C9E /* SwiftTip */ = {
			isa = PBXNativeTarget;
			buildConfigurationList = 3AC8C7911AFEE31800BD4C9E /* Build configuration list for PBXNativeTarget "SwiftTip" */;
			buildPhases = (
				3AC8C76E1AFEE31800BD4C9E /* Sources */,
				3AC8C76F1AFEE31800BD4C9E /* Frameworks */,
				3AC8C7701AFEE31800BD4C9E /* Resources */,
			);
			buildRules = (
			);
			dependencies = (
			);
			name = SwiftTip;
			productName = SwiftTip;
			productReference = 3AC8C7721AFEE31800BD4C9E /* SwiftTip.app */;
			productType = "com.apple.product-type.application";
		};
		3AC8C7861AFEE31800BD4C9E /* SwiftTipTests */ = {
			isa = PBXNativeTarget;
			buildConfigurationList = 3AC8C7941AFEE31800BD4C9E /* Build configuration list for PBXNativeTarget "SwiftTipTests" */;
			buildPhases = (
				3AC8C7831AFEE31800BD4C9E /* Sources */,
				3AC8C7841AFEE31800BD4C9E /* Frameworks */,
				3AC8C7851AFEE31800BD4C9E /* Resources */,
			);
			buildRules = (
			);
			dependencies = (
				3AC8C7891AFEE31800BD4C9E /* PBXTargetDependency */,
			);
			name = SwiftTipTests;
			productName = SwiftTipTests;
			productReference = 3AC8C7871AFEE31800BD4C9E /* SwiftTipTests.xctest */;
			productType = "com.apple.product-type.bundle.unit-test";
		};
/* End PBXNativeTarget section */

/* Begin PBXProject section */
		3AC8C76A1AFEE31800BD4C9E /* Project object */ = {
			isa = PBXProject;
			attributes = {
				LastUpgradeCheck = 0610;
				ORGANIZATIONNAME = "Faisal Misle";
				TargetAttributes = {
					3AC8C7711AFEE31800BD4C9E = {
						CreatedOnToolsVersion = 6.1.1;
						DevelopmentTeam = KAZ39M3R2N;
					};
					3AC8C7861AFEE31800BD4C9E = {
						CreatedOnToolsVersion = 6.1.1;
						DevelopmentTeam = NRV4YY6LAR;
						TestTargetID = 3AC8C7711AFEE31800BD4C9E;
					};
				};
			};
			buildConfigurationList = 3AC8C76D1AFEE31800BD4C9E /* Build configuration list for PBXProject "SwiftTip" */;
			compatibilityVersion = "Xcode 3.2";
			developmentRegion = English;
			hasScannedForEncodings = 0;
			knownRegions = (
				en,
				Base,
			);
			mainGroup = 3AC8C7691AFEE31800BD4C9E;
			productRefGroup = 3AC8C7731AFEE31800BD4C9E /* Products */;
			projectDirPath = "";
			projectRoot = "";
			targets = (
				3AC8C7711AFEE31800BD4C9E /* SwiftTip */,
				3AC8C7861AFEE31800BD4C9E /* SwiftTipTests */,
			);
		};
/* End PBXProject section */

/* Begin PBXResourcesBuildPhase section */
		3AC8C7701AFEE31800BD4C9E /* Resources */ = {
			isa = PBXResourcesBuildPhase;
			buildActionMask = 2147483647;
			files = (
				3AC8C77D1AFEE31800BD4C9E /* Main.storyboard in Resources */,
				3AC8C7821AFEE31800BD4C9E /* LaunchScreen.xib in Resources */,
				3AC8C77F1AFEE31800BD4C9E /* Images.xcassets in Resources */,
			);
			runOnlyForDeploymentPostprocessing = 0;
		};
		3AC8C7851AFEE31800BD4C9E /* Resources */ = {
			isa = PBXResourcesBuildPhase;
			buildActionMask = 2147483647;
			files = (
			);
			runOnlyForDeploymentPostprocessing = 0;
		};
/* End PBXResourcesBuildPhase section */

/* Begin PBXSourcesBuildPhase section */
		3AC8C76E1AFEE31800BD4C9E /* Sources */ = {
			isa = PBXSourcesBuildPhase;
			buildActionMask = 2147483647;
			files = (
				3AC8C77A1AFEE31800BD4C9E /* ViewController.swift in Sources */,
				3AC8C7781AFEE31800BD4C9E /* AppDelegate.swift in Sources */,
			);
			runOnlyForDeploymentPostprocessing = 0;
		};
		3AC8C7831AFEE31800BD4C9E /* Sources */ = {
			isa = PBXSourcesBuildPhase;
			buildActionMask = 2147483647;
			files = (
				3AC8C78E1AFEE31800BD4C9E /* SwiftTipTests.swift in Sources */,
			);
			runOnlyForDeploymentPostprocessing = 0;
		};
/* End PBXSourcesBuildPhase section */

/* Begin PBXTargetDependency section */
		3AC8C7891AFEE31800BD4C9E /* PBXTargetDependency */ = {
			isa = PBXTargetDependency;
			target = 3AC8C7711AFEE31800BD4C9E /* SwiftTip */;
			targetProxy = 3AC8C7881AFEE31800BD4C9E /* PBXContainerItemProxy */;
		};
/* End PBXTargetDependency section */

/* Begin PBXVariantGroup section */
		3AC8C77B1AFEE31800BD4C9E /* Main.storyboard */ = {
			isa = PBXVariantGroup;
			children = (
				3AC8C77C1AFEE31800BD4C9E /* Base */,
			);
			name = Main.storyboard;
			sourceTree = "<group>";
		};
		3AC8C7801AFEE31800BD4C9E /* LaunchScreen.xib */ = {
			isa = PBXVariantGroup;
			children = (
				3AC8C7811AFEE31800BD4C9E /* Base */,
			);
			name = LaunchScreen.xib;
			sourceTree = "<group>";
		};
/* End PBXVariantGroup section */

/* Begin XCBuildConfiguration section */
		3AC8C78F1AFEE31800BD4C9E /* Debug */ = {
			isa = XCBuildConfiguration;
			buildSettings = {
				ALWAYS_SEARCH_USER_PATHS = NO;
				CLANG_CXX_LANGUAGE_STANDARD = "gnu++0x";
				CLANG_CXX_LIBRARY = "libc++";
				CLANG_ENABLE_MODULES = YES;
				CLANG_ENABLE_OBJC_ARC = YES;
				CLANG_WARN_BOOL_CONVERSION = YES;
				CLANG_WARN_CONSTANT_CONVERSION = YES;
				CLANG_WARN_DIRECT_OBJC_ISA_USAGE = YES_ERROR;
				CLANG_WARN_EMPTY_BODY = YES;
				CLANG_WARN_ENUM_CONVERSION = YES;
				CLANG_WARN_INT_CONVERSION = YES;
				CLANG_WARN_OBJC_ROOT_CLASS = YES_ERROR;
				CLANG_WARN_UNREACHABLE_CODE = YES;
				CLANG_WARN__DUPLICATE_METHOD_MATCH = YES;
				"CODE_SIGN_IDENTITY[sdk=iphoneos*]" = "iPhone Developer";
				COPY_PHASE_STRIP = NO;
				ENABLE_STRICT_OBJC_MSGSEND = YES;
				GCC_C_LANGUAGE_STANDARD = gnu99;
				GCC_DYNAMIC_NO_PIC = NO;
				GCC_OPTIMIZATION_LEVEL = 0;
				GCC_PREPROCESSOR_DEFINITIONS = (
					"DEBUG=1",
					"$(inherited)",
				);
				GCC_SYMBOLS_PRIVATE_EXTERN = NO;
				GCC_WARN_64_TO_32_BIT_CONVERSION = YES;
				GCC_WARN_ABOUT_RETURN_TYPE = YES_ERROR;
				GCC_WARN_UNDECLARED_SELECTOR = YES;
				GCC_WARN_UNINITIALIZED_AUTOS = YES_AGGRESSIVE;
				GCC_WARN_UNUSED_FUNCTION = YES;
				GCC_WARN_UNUSED_VARIABLE = YES;
				IPHONEOS_DEPLOYMENT_TARGET = 8.1;
				MTL_ENABLE_DEBUG_INFO = YES;
				ONLY_ACTIVE_ARCH = YES;
				SDKROOT = iphoneos;
				SWIFT_OPTIMIZATION_LEVEL = "-Onone";
			};
			name = Debug;
		};
		3AC8C7901AFEE31800BD4C9E /* Release */ = {
			isa = XCBuildConfiguration;
			buildSettings = {
				ALWAYS_SEARCH_USER_PATHS = NO;
				CLANG_CXX_LANGUAGE_STANDARD = "gnu++0x";
				CLANG_CXX_LIBRARY = "libc++";
				CLANG_ENABLE_MODULES = YES;
				CLANG_ENABLE_OBJC_ARC = YES;
				CLANG_WARN_BOOL_CONVERSION = YES;
				CLANG_WARN_CONSTANT_CONVERSION = YES;
				CLANG_WARN_DIRECT_OBJC_ISA_USAGE = YES_ERROR;
				CLANG_WARN_EMPTY_BODY = YES;
				CLANG_WARN_ENUM_CONVERSION = YES;
				CLANG_WARN_INT_CONVERSION = YES;
				CLANG_WARN_OBJC_ROOT_CLASS = YES_ERROR;
				CLANG_WARN_UNREACHABLE_CODE = YES;
				CLANG_WARN__DUPLICATE_METHOD_MATCH = YES;
				"CODE_SIGN_IDENTITY[sdk=iphoneos*]" = "iPhone Developer";
				COPY_PHASE_STRIP = YES;
				ENABLE_NS_ASSERTIONS = NO;
				ENABLE_STRICT_OBJC_MSGSEND = YES;
				GCC_C_LANGUAGE_STANDARD = gnu99;
				GCC_WARN_64_TO_32_BIT_CONVERSION = YES;
				GCC_WARN_ABOUT_RETURN_TYPE = YES_ERROR;
				GCC_WARN_UNDECLARED_SELECTOR = YES;
				GCC_WARN_UNINITIALIZED_AUTOS = YES_AGGRESSIVE;
				GCC_WARN_UNUSED_FUNCTION = YES;
				GCC_WARN_UNUSED_VARIABLE = YES;
				IPHONEOS_DEPLOYMENT_TARGET = 8.1;
				MTL_ENABLE_DEBUG_INFO = NO;
				SDKROOT = iphoneos;
				VALIDATE_PRODUCT = YES;
			};
			name = Release;
		};
		3AC8C7921AFEE31800BD4C9E /* Debug */ = {
			isa = XCBuildConfiguration;
			buildSettings = {
				ASSETCATALOG_COMPILER_APPICON_NAME = AppIcon;
				CODE_SIGN_IDENTITY = "iPhone Developer";
				"CODE_SIGN_IDENTITY[sdk=iphoneos*]" = "iPhone Developer";
				INFOPLIST_FILE = SwiftTip/Info.plist;
				LD_RUNPATH_SEARCH_PATHS = "$(inherited) @executable_path/Frameworks";
				PRODUCT_NAME = "$(TARGET_NAME)";
				PROVISIONING_PROFILE = "";
			};
			name = Debug;
		};
		3AC8C7931AFEE31800BD4C9E /* Release */ = {
			isa = XCBuildConfiguration;
			buildSettings = {
				ASSETCATALOG_COMPILER_APPICON_NAME = AppIcon;
				CODE_SIGN_IDENTITY = "iPhone Developer";
				"CODE_SIGN_IDENTITY[sdk=iphoneos*]" = "iPhone Developer";
				INFOPLIST_FILE = SwiftTip/Info.plist;
				LD_RUNPATH_SEARCH_PATHS = "$(inherited) @executable_path/Frameworks";
				PRODUCT_NAME = "$(TARGET_NAME)";
				PROVISIONING_PROFILE = "";
			};
			name = Release;
		};
		3AC8C7951AFEE31800BD4C9E /* Debug */ = {
			isa = XCBuildConfiguration;
			buildSettings = {
				BUNDLE_LOADER = "$(TEST_HOST)";
				CODE_SIGN_IDENTITY = "iPhone Developer";
				"CODE_SIGN_IDENTITY[sdk=iphoneos*]" = "iPhone Developer";
				FRAMEWORK_SEARCH_PATHS = (
					"$(SDKROOT)/Developer/Library/Frameworks",
					"$(inherited)",
				);
				GCC_PREPROCESSOR_DEFINITIONS = (
					"DEBUG=1",
					"$(inherited)",
				);
				INFOPLIST_FILE = SwiftTipTests/Info.plist;
				LD_RUNPATH_SEARCH_PATHS = "$(inherited) @executable_path/Frameworks @loader_path/Frameworks";
				PRODUCT_NAME = "$(TARGET_NAME)";
				PROVISIONING_PROFILE = "";
				TEST_HOST = "$(BUILT_PRODUCTS_DIR)/SwiftTip.app/SwiftTip";
			};
			name = Debug;
		};
		3AC8C7961AFEE31800BD4C9E /* Release */ = {
			isa = XCBuildConfiguration;
			buildSettings = {
				BUNDLE_LOADER = "$(TEST_HOST)";
				CODE_SIGN_IDENTITY = "iPhone Developer";
				"CODE_SIGN_IDENTITY[sdk=iphoneos*]" = "iPhone Developer";
				FRAMEWORK_SEARCH_PATHS = (
					"$(SDKROOT)/Developer/Library/Frameworks",
					"$(inherited)",
				);
				INFOPLIST_FILE = SwiftTipTests/Info.plist;
				LD_RUNPATH_SEARCH_PATHS = "$(inherited) @executable_path/Frameworks @loader_path/Frameworks";
				PRODUCT_NAME = "$(TARGET_NAME)";
				PROVISIONING_PROFILE = "";
				TEST_HOST = "$(BUILT_PRODUCTS_DIR)/SwiftTip.app/SwiftTip";
			};
			name = Release;
		};
/* End XCBuildConfiguration section */

/* Begin XCConfigurationList section */
		3AC8C76D1AFEE31800BD4C9E /* Build configuration list for PBXProject "SwiftTip" */ = {
			isa = XCConfigurationList;
			buildConfigurations = (
				3AC8C78F1AFEE31800BD4C9E /* Debug */,
				3AC8C7901AFEE31800BD4C9E /* Release */,
			);
			defaultConfigurationIsVisible = 0;
			defaultConfigurationName = Release;
		};
		3AC8C7911AFEE31800BD4C9E /* Build configuration list for PBXNativeTarget "SwiftTip" */ = {
			isa = XCConfigurationList;
			buildConfigurations = (
				3AC8C7921AFEE31800BD4C9E /* Debug */,
				3AC8C7931AFEE31800BD4C9E /* Release */,
			);
			defaultConfigurationIsVisible = 0;
			defaultConfigurationName = Release;
		};
		3AC8C7941AFEE31800BD4C9E /* Build configuration list for PBXNativeTarget "SwiftTipTests" */ = {
			isa = XCConfigurationList;
			buildConfigurations = (
				3AC8C7951AFEE31800BD4C9E /* Debug */,
				3AC8C7961AFEE31800BD4C9E /* Release */,
			);
			defaultConfigurationIsVisible = 0;
			defaultConfigurationName = Release;
		};
/* End XCConfigurationList section */
	};
	rootObject = 3AC8C76A1AFEE31800BD4C9E /* Project object */;
}
